
Microsoft Visual Studio Solution File, Format Version 12.00
# Visual Studio Version 17
VisualStudioVersion = 17.11.35312.102
MinimumVisualStudioVersion = 10.0.40219.1
Project("{FAE04EC0-301F-11D3-BF4B-00C04F79EFBC}") = "Jewelry-Acution-Backend", "Jewelry-Acution-Backend\Jewelry-Acution-Backend.csproj", "{A687E36A-9AFE-4D35-8B58-B7B6131ABBB8}"
EndProject
Global
	GlobalSection(SolutionConfigurationPlatforms) = preSolution
		Debug|Any CPU = Debug|Any CPU
		Release|Any CPU = Release|Any CPU
	EndGlobalSection
	GlobalSection(ProjectConfigurationPlatforms) = postSolution
		{A687E36A-9AFE-4D35-8B58-B7B6131ABBB8}.Debug|Any CPU.ActiveCfg = Debug|Any CPU
		{A687E36A-9AFE-4D35-8B58-B7B6131ABBB8}.Debug|Any CPU.Build.0 = Debug|Any CPU
		{A687E36A-9AFE-4D35-8B58-B7B6131ABBB8}.Release|Any CPU.ActiveCfg = Release|Any CPU
		{A687E36A-9AFE-4D35-8B58-B7B6131ABBB8}.Release|Any CPU.Build.0 = Release|Any CPU
	EndGlobalSection
	GlobalSection(SolutionProperties) = preSolution
		HideSolutionNode = FALSE
	EndGlobalSection
	GlobalSection(ExtensibilityGlobals) = postSolution
		SolutionGuid = {AE17A63C-5655-43D3-9DA4-0DF95FB45E30}
	EndGlobalSection
EndGlobal
